// !$*UTF8*$!
{
	archiveVersion = 1;
	classes = {
	};
	objectVersion = 50;
	objects = {

/* Begin PBXBuildFile section */
		FC92726225EFD1AE006B4BBC /* AppDelegate.swift in Sources */ = {isa = PBXBuildFile; fileRef = FC92726125EFD1AE006B4BBC /* AppDelegate.swift */; };
		FC92726425EFD1AE006B4BBC /* SceneDelegate.swift in Sources */ = {isa = PBXBuildFile; fileRef = FC92726325EFD1AE006B4BBC /* SceneDelegate.swift */; };
		FC92726625EFD1AE006B4BBC /* ViewController.swift in Sources */ = {isa = PBXBuildFile; fileRef = FC92726525EFD1AE006B4BBC /* ViewController.swift */; };
		FC92726925EFD1AE006B4BBC /* Main.storyboard in Resources */ = {isa = PBXBuildFile; fileRef = FC92726725EFD1AE006B4BBC /* Main.storyboard */; };
		FC92726B25EFD1AF006B4BBC /* Assets.xcassets in Resources */ = {isa = PBXBuildFile; fileRef = FC92726A25EFD1AF006B4BBC /* Assets.xcassets */; };
		FC92726E25EFD1AF006B4BBC /* LaunchScreen.storyboard in Resources */ = {isa = PBXBuildFile; fileRef = FC92726C25EFD1AF006B4BBC /* LaunchScreen.storyboard */; };
/* End PBXBuildFile section */

/* Begin PBXFileReference section */
		FC92725E25EFD1AE006B4BBC /* OrbitDrag.app */ = {isa = PBXFileReference; explicitFileType = wrapper.application; includeInIndex = 0; path = OrbitDrag.app; sourceTree = BUILT_PRODUCTS_DIR; };
		FC92726125EFD1AE006B4BBC /* AppDelegate.swift */ = {isa = PBXFileReference; lastKnownFileType = sourcecode.swift; path = AppDelegate.swift; sourceTree = "<group>"; };
		FC92726325EFD1AE006B4BBC /* SceneDelegate.swift */ = {isa = PBXFileReference; lastKnownFileType = sourcecode.swift; path = SceneDelegate.swift; sourceTree = "<group>"; };
		FC92726525EFD1AE006B4BBC /* ViewController.swift */ = {isa = PBXFileReference; lastKnownFileType = sourcecode.swift; path = ViewController.swift; sourceTree = "<group>"; };
		FC92726825EFD1AE006B4BBC /* Base */ = {isa = PBXFileReference; lastKnownFileType = file.storyboard; name = Base; path = Base.lproj/Main.storyboard; sourceTree = "<group>"; };
		FC92726A25EFD1AF006B4BBC /* Assets.xcassets */ = {isa = PBXFileReference; lastKnownFileType = folder.assetcatalog; path = Assets.xcassets; sourceTree = "<group>"; };
		FC92726D25EFD1AF006B4BBC /* Base */ = {isa = PBXFileReference; lastKnownFileType = file.storyboard; name = Base; path = Base.lproj/LaunchScreen.storyboard; sourceTree = "<group>"; };
		FC92726F25EFD1AF006B4BBC /* Info.plist */ = {isa = PBXFileReference; lastKnownFileType = text.plist.xml; path = Info.plist; sourceTree = "<group>"; };
/* End PBXFileReference section */

/* Begin PBXFrameworksBuildPhase section */
		FC92725B25EFD1AE006B4BBC /* Frameworks */ = {
			isa = PBXFrameworksBuildPhase;
			buildActionMask = 2147483647;
			files = (
			);
			runOnlyForDeploymentPostprocessing = 0;
		};
/* End PBXFrameworksBuildPhase section */

/* Begin PBXGroup section */
		FC92725525EFD1AE006B4BBC = {
			isa = PBXGroup;
			children = (
				FC92726025EFD1AE006B4BBC /* OrbitDrag */,
				FC92725F25EFD1AE006B4BBC /* Products */,
			);
			sourceTree = "<group>";
		};
		FC92725F25EFD1AE006B4BBC /* Products */ = {
			isa = PBXGroup;
			children = (
				FC92725E25EFD1AE006B4BBC /* OrbitDrag.app */,
			);
			name = Products;
			sourceTree = "<group>";
		};
		FC92726025EFD1AE006B4BBC /* OrbitDrag */ = {
			isa = PBXGroup;
			children = (
				FC92726125EFD1AE006B4BBC /* AppDelegate.swift */,
				FC92726325EFD1AE006B4BBC /* SceneDelegate.swift */,
				FC92726525EFD1AE006B4BBC /* ViewController.swift */,
				FC92726725EFD1AE006B4BBC /* Main.storyboard */,
				FC92726A25EFD1AF006B4BBC /* Assets.xcassets */,
				FC92726C25EFD1AF006B4BBC /* LaunchScreen.storyboard */,
				FC92726F25EFD1AF006B4BBC /* Info.plist */,
			);
			path = OrbitDrag;
			sourceTree = "<group>";
		};
/* End PBXGroup section */

/* Begin PBXNativeTarget section */
		FC92725D25EFD1AE006B4BBC /* OrbitDrag */ = {
			isa = PBXNativeTarget;
			buildConfigurationList = FC92727225EFD1AF006B4BBC /* Build configuration list for PBXNativeTarget "OrbitDrag" */;
			buildPhases = (
				FC92725A25EFD1AE006B4BBC /* Sources */,
				FC92725B25EFD1AE006B4BBC /* Frameworks */,
				FC92725C25EFD1AE006B4BBC /* Resources */,
			);
			buildRules = (
			);
			dependencies = (
			);
			name = OrbitDrag;
			productName = OrbitDrag;
			productReference = FC92725E25EFD1AE006B4BBC /* OrbitDrag.app */;
			productType = "com.apple.product-type.application";
		};
/* End PBXNativeTarget section */

/* Begin PBXProject section */
		FC92725625EFD1AE006B4BBC /* Project object */ = {
			isa = PBXProject;
			attributes = {
				LastSwiftUpdateCheck = 1230;
				LastUpgradeCheck = 1230;
				TargetAttributes = {
					FC92725D25EFD1AE006B4BBC = {
						CreatedOnToolsVersion = 12.3;
					};
				};
			};
			buildConfigurationList = FC92725925EFD1AE006B4BBC /* Build configuration list for PBXProject "OrbitDrag" */;
			compatibilityVersion = "Xcode 9.3";
			developmentRegion = en;
			hasScannedForEncodings = 0;
			knownRegions = (
				en,
				Base,
			);
			mainGroup = FC92725525EFD1AE006B4BBC;
			productRefGroup = FC92725F25EFD1AE006B4BBC /* Products */;
			projectDirPath = "";
			projectRoot = "";
			targets = (
				FC92725D25EFD1AE006B4BBC /* OrbitDrag */,
			);
		};
/* End PBXProject section */

/* Begin PBXResourcesBuildPhase section */
		FC92725C25EFD1AE006B4BBC /* Resources */ = {
			isa = PBXResourcesBuildPhase;
			buildActionMask = 2147483647;
			files = (
				FC92726E25EFD1AF006B4BBC /* LaunchScreen.storyboard in Resources */,
				FC92726B25EFD1AF006B4BBC /* Assets.xcassets in Resources */,
				FC92726925EFD1AE006B4BBC /* Main.storyboard in Resources */,
			);
			runOnlyForDeploymentPostprocessing = 0;
		};
/* End PBXResourcesBuildPhase section */

/* Begin PBXSourcesBuildPhase section */
		FC92725A25EFD1AE006B4BBC /* Sources */ = {
			isa = PBXSourcesBuildPhase;
			buildActionMask = 2147483647;
			files = (
				FC92726625EFD1AE006B4BBC /* ViewController.swift in Sources */,
				FC92726225EFD1AE006B4BBC /* AppDelegate.swift in Sources */,
				FC92726425EFD1AE006B4BBC /* SceneDelegate.swift in Sources */,
			);
			runOnlyForDeploymentPostprocessing = 0;
		};
/* End PBXSourcesBuildPhase section */

/* Begin PBXVariantGroup section */
		FC92726725EFD1AE006B4BBC /* Main.storyboard */ = {
			isa = PBXVariantGroup;
			children = (
				FC92726825EFD1AE006B4BBC /* Base */,
			);
			name = Main.storyboard;
			sourceTree = "<group>";
		};
		FC92726C25EFD1AF006B4BBC /* LaunchScreen.storyboard */ = {
			isa = PBXVariantGroup;
			children = (
				FC92726D25EFD1AF006B4BBC /* Base */,
			);
			name = LaunchScreen.storyboard;
			sourceTree = "<group>";
		};
/* End PBXVariantGroup section */

/* Begin XCBuildConfiguration section */
		FC92727025EFD1AF006B4BBC /* Debug */ = {
			isa = XCBuildConfiguration;
			buildSettings = {
				ALWAYS_SEARCH_USER_PATHS = NO;
				CLANG_ANALYZER_NONNULL = YES;
				CLANG_ANALYZER_NUMBER_OBJECT_CONVERSION = YES_AGGRESSIVE;
				CLANG_CXX_LANGUAGE_STANDARD = "gnu++14";
				CLANG_CXX_LIBRARY = "libc++";
				CLANG_ENABLE_MODULES = YES;
				CLANG_ENABLE_OBJC_ARC = YES;
				CLANG_ENABLE_OBJC_WEAK = YES;
				CLANG_WARN_BLOCK_CAPTURE_AUTORELEASING = YES;
				CLANG_WARN_BOOL_CONVERSION = YES;
				CLANG_WARN_COMMA = YES;
				CLANG_WARN_CONSTANT_CONVERSION = YES;
				CLANG_WARN_DEPRECATED_OBJC_IMPLEMENTATIONS = YES;
				CLANG_WARN_DIRECT_OBJC_ISA_USAGE = YES_ERROR;
				CLANG_WARN_DOCUMENTATION_COMMENTS = YES;
				CLANG_WARN_EMPTY_BODY = YES;
				CLANG_WARN_ENUM_CONVERSION = YES;
				CLANG_WARN_INFINITE_RECURSION = YES;
				CLANG_WARN_INT_CONVERSION = YES;
				CLANG_WARN_NON_LITERAL_NULL_CONVERSION = YES;
				CLANG_WARN_OBJC_IMPLICIT_RETAIN_SELF = YES;
				CLANG_WARN_OBJC_LITERAL_CONVERSION = YES;
				CLANG_WARN_OBJC_ROOT_CLASS = YES_ERROR;
				CLANG_WARN_QUOTED_INCLUDE_IN_FRAMEWORK_HEADER = YES;
				CLANG_WARN_RANGE_LOOP_ANALYSIS = YES;
				CLANG_WARN_STRICT_PROTOTYPES = YES;
				CLANG_WARN_SUSPICIOUS_MOVE = YES;
				CLANG_WARN_UNGUARDED_AVAILABILITY = YES_AGGRESSIVE;
				CLANG_WARN_UNREACHABLE_CODE = YES;
				CLANG_WARN__DUPLICATE_METHOD_MATCH = YES;
				COPY_PHASE_STRIP = NO;
				DEBUG_INFORMATION_FORMAT = dwarf;
				ENABLE_STRICT_OBJC_MSGSEND = YES;
				ENABLE_TESTABILITY = YES;
				GCC_C_LANGUAGE_STANDARD = gnu11;
				GCC_DYNAMIC_NO_PIC = NO;
				GCC_NO_COMMON_BLOCKS = YES;
				GCC_OPTIMIZATION_LEVEL = 0;
				GCC_PREPROCESSOR_DEFINITIONS = (
					"DEBUG=1",
					"$(inherited)",
				);
				GCC_WARN_64_TO_32_BIT_CONVERSION = YES;
				GCC_WARN_ABOUT_RETURN_TYPE = YES_ERROR;
				GCC_WARN_UNDECLARED_SELECTOR = YES;
				GCC_WARN_UNINITIALIZED_AUTOS = YES_AGGRESSIVE;
				GCC_WARN_UNUSED_FUNCTION = YES;
				GCC_WARN_UNUSED_VARIABLE = YES;
				IPHONEOS_DEPLOYMENT_TARGET = 14.3;
				MTL_ENABLE_DEBUG_INFO = INCLUDE_SOURCE;
				MTL_FAST_MATH = YES;
				ONLY_ACTIVE_ARCH = YES;
				SDKROOT = iphoneos;
				SWIFT_ACTIVE_COMPILATION_CONDITIONS = DEBUG;
				SWIFT_OPTIMIZATION_LEVEL = "-Onone";
			};
			name = Debug;
		};
		FC92727125EFD1AF006B4BBC /* Release */ = {
			isa = XCBuildConfiguration;
			buildSettings = {
				ALWAYS_SEARCH_USER_PATHS = NO;
				CLANG_ANALYZER_NONNULL = YES;
				CLANG_ANALYZER_NUMBER_OBJECT_CONVERSION = YES_AGGRESSIVE;
				CLANG_CXX_LANGUAGE_STANDARD = "gnu++14";
				CLANG_CXX_LIBRARY = "libc++";
				CLANG_ENABLE_MODULES = YES;
				CLANG_ENABLE_OBJC_ARC = YES;
				CLANG_ENABLE_OBJC_WEAK = YES;
				CLANG_WARN_BLOCK_CAPTURE_AUTORELEASING = YES;
				CLANG_WARN_BOOL_CONVERSION = YES;
				CLANG_WARN_COMMA = YES;
				CLANG_WARN_CONSTANT_CONVERSION = YES;
				CLANG_WARN_DEPRECATED_OBJC_IMPLEMENTATIONS = YES;
				CLANG_WARN_DIRECT_OBJC_ISA_USAGE = YES_ERROR;
				CLANG_WARN_DOCUMENTATION_COMMENTS = YES;
				CLANG_WARN_EMPTY_BODY = YES;
				CLANG_WARN_ENUM_CONVERSION = YES;
				CLANG_WARN_INFINITE_RECURSION = YES;
				CLANG_WARN_INT_CONVERSION = YES;
				CLANG_WARN_NON_LITERAL_NULL_CONVERSION = YES;
				CLANG_WARN_OBJC_IMPLICIT_RETAIN_SELF = YES;
				CLANG_WARN_OBJC_LITERAL_CONVERSION = YES;
				CLANG_WARN_OBJC_ROOT_CLASS = YES_ERROR;
				CLANG_WARN_QUOTED_INCLUDE_IN_FRAMEWORK_HEADER = YES;
				CLANG_WARN_RANGE_LOOP_ANALYSIS = YES;
				CLANG_WARN_STRICT_PROTOTYPES = YES;
				CLANG_WARN_SUSPICIOUS_MOVE = YES;
				CLANG_WARN_UNGUARDED_AVAILABILITY = YES_AGGRESSIVE;
				CLANG_WARN_UNREACHABLE_CODE = YES;
				CLANG_WARN__DUPLICATE_METHOD_MATCH = YES;
				COPY_PHASE_STRIP = NO;
				DEBUG_INFORMATION_FORMAT = "dwarf-with-dsym";
				ENABLE_NS_ASSERTIONS = NO;
				ENABLE_STRICT_OBJC_MSGSEND = YES;
				GCC_C_LANGUAGE_STANDARD = gnu11;
				GCC_NO_COMMON_BLOCKS = YES;
				GCC_WARN_64_TO_32_BIT_CONVERSION = YES;
				GCC_WARN_ABOUT_RETURN_TYPE = YES_ERROR;
				GCC_WARN_UNDECLARED_SELECTOR = YES;
				GCC_WARN_UNINITIALIZED_AUTOS = YES_AGGRESSIVE;
				GCC_WARN_UNUSED_FUNCTION = YES;
				GCC_WARN_UNUSED_VARIABLE = YES;
				IPHONEOS_DEPLOYMENT_TARGET = 14.3;
				MTL_ENABLE_DEBUG_INFO = NO;
				MTL_FAST_MATH = YES;
				SDKROOT = iphoneos;
				SWIFT_COMPILATION_MODE = wholemodule;
				SWIFT_OPTIMIZATION_LEVEL = "-O";
				VALIDATE_PRODUCT = YES;
			};
			name = Release;
		};
		FC92727325EFD1AF006B4BBC /* Debug */ = {
			isa = XCBuildConfiguration;
			buildSettings = {
				ASSETCATALOG_COMPILER_APPICON_NAME = AppIcon;
				ASSETCATALOG_COMPILER_GLOBAL_ACCENT_COLOR_NAME = AccentColor;
				CODE_SIGN_STYLE = Automatic;
				INFOPLIST_FILE = OrbitDrag/Info.plist;
				LD_RUNPATH_SEARCH_PATHS = (
					"$(inherited)",
					"@executable_path/Frameworks",
				);
				PRODUCT_BUNDLE_IDENTIFIER = com.DonMag.OrbitDrag;
				PRODUCT_NAME = "$(TARGET_NAME)";
				SWIFT_VERSION = 5.0;
				TARGETED_DEVICE_FAMILY = "1,2";
			};
			name = Debug;
		};
		FC92727425EFD1AF006B4BBC /* Release */ = {
			isa = XCBuildConfiguration;
			buildSettings = {
				ASSETCATALOG_COMPILER_APPICON_NAME = AppIcon;
				ASSETCATALOG_COMPILER_GLOBAL_ACCENT_COLOR_NAME = AccentColor;
				CODE_SIGN_STYLE = Automatic;
				INFOPLIST_FILE = OrbitDrag/Info.plist;
				LD_RUNPATH_SEARCH_PATHS = (
					"$(inherited)",
					"@executable_path/Frameworks",
				);
				PRODUCT_BUNDLE_IDENTIFIER = com.DonMag.OrbitDrag;
				PRODUCT_NAME = "$(TARGET_NAME)";
				SWIFT_VERSION = 5.0;
				TARGETED_DEVICE_FAMILY = "1,2";
			};
			name = Release;
		};
/* End XCBuildConfiguration section */

/* Begin XCConfigurationList section */
		FC92725925EFD1AE006B4BBC /* Build configuration list for PBXProject "OrbitDrag" */ = {
			isa = XCConfigurationList;
			buildConfigurations = (
				FC92727025EFD1AF006B4BBC /* Debug */,
				FC92727125EFD1AF006B4BBC /* Release */,
			);
			defaultConfigurationIsVisible = 0;
			defaultConfigurationName = Release;
		};
		FC92727225EFD1AF006B4BBC /* Build configuration list for PBXNativeTarget "OrbitDrag" */ = {
			isa = XCConfigurationList;
			buildConfigurations = (
				FC92727325EFD1AF006B4BBC /* Debug */,
				FC92727425EFD1AF006B4BBC /* Release */,
			);
			defaultConfigurationIsVisible = 0;
			defaultConfigurationName = Release;
		};
/* End XCConfigurationList section */
	};
	rootObject = FC92725625EFD1AE006B4BBC /* Project object */;
}
